version: 1
pinned_version: v1.0.0
digest: sha256:8cbb0f9d0b1550bb876a8110c080d7105f4934d865f44e69087876aa581ee640
generated_at: ""
profiles:
    - id: framework
      version: v1.0.0
      digest: sha256:fb7d9bad7cae273636ec73bfda3eec18d5038bf113a8c62ff076be22a3c8cac0
facets:
    - id: security:high
      version: v1.0.0
      digest: sha256:c6e8340392ee7d26eebeaeabf47e95736f94cb1fcc6ff1a96df37e4c0745ccc6
    - id: api:public-contract
      version: v1.0.0
      digest: sha256:2ae5299a014b6e9c348571f4d91b1f2bcec021984c9f00c3eef351ccb9a4b47d
    - id: docs:seo-portal
      version: v1.0.0
      digest: sha256:d222f198ce627785948b838c50683edcf174b50bd096a3cf8159671e80105244
    - id: agent:sandboxed
      version: v1.0.0
      digest: sha256:659d6b5167ee7aa248d75835ccccf22bfb338a683b37e965441f4a229a0c66c1
